
Microsoft Visual Studio Solution File, Format Version 12.00
# Visual Studio Version 16
VisualStudioVersion = 16.0.30804.86
MinimumVisualStudioVersion = 10.0.40219.1
Project("{FAE04EC0-301F-11D3-BF4B-00C04F79EFBC}") = "BookStore", "BookStore.csproj", "{F802824E-5772-4EC4-8D69-30A60573129C}"
EndProject
Project("{FAE04EC0-301F-11D3-BF4B-00C04F79EFBC}") = "Common", "..\Common\Common.csproj", "{E7333E4C-B8DF-4482-A671-6374AE997F9A}"
EndProject
Project("{FAE04EC0-301F-11D3-BF4B-00C04F79EFBC}") = "Model", "..\Model\Model.csproj", "{B9310BA2-B1C8-48B4-A2FD-F8222FA4E170}"
EndProject
Global
	GlobalSection(SolutionConfigurationPlatforms) = preSolution
		Debug|Any CPU = Debug|Any CPU
		Release|Any CPU = Release|Any CPU
	EndGlobalSection
	GlobalSection(ProjectConfigurationPlatforms) = postSolution
		{F802824E-5772-4EC4-8D69-30A60573129C}.Debug|Any CPU.ActiveCfg = Debug|Any CPU
		{F802824E-5772-4EC4-8D69-30A60573129C}.Debug|Any CPU.Build.0 = Debug|Any CPU
		{F802824E-5772-4EC4-8D69-30A60573129C}.Release|Any CPU.ActiveCfg = Release|Any CPU
		{F802824E-5772-4EC4-8D69-30A60573129C}.Release|Any CPU.Build.0 = Release|Any CPU
		{E7333E4C-B8DF-4482-A671-6374AE997F9A}.Debug|Any CPU.ActiveCfg = Debug|Any CPU
		{E7333E4C-B8DF-4482-A671-6374AE997F9A}.Debug|Any CPU.Build.0 = Debug|Any CPU
		{E7333E4C-B8DF-4482-A671-6374AE997F9A}.Release|Any CPU.ActiveCfg = Release|Any CPU
		{E7333E4C-B8DF-4482-A671-6374AE997F9A}.Release|Any CPU.Build.0 = Release|Any CPU
		{B9310BA2-B1C8-48B4-A2FD-F8222FA4E170}.Debug|Any CPU.ActiveCfg = Debug|Any CPU
		{B9310BA2-B1C8-48B4-A2FD-F8222FA4E170}.Debug|Any CPU.Build.0 = Debug|Any CPU
		{B9310BA2-B1C8-48B4-A2FD-F8222FA4E170}.Release|Any CPU.ActiveCfg = Release|Any CPU
		{B9310BA2-B1C8-48B4-A2FD-F8222FA4E170}.Release|Any CPU.Build.0 = Release|Any CPU
	EndGlobalSection
	GlobalSection(SolutionProperties) = preSolution
		HideSolutionNode = FALSE
	EndGlobalSection
	GlobalSection(ExtensibilityGlobals) = postSolution
		SolutionGuid = {C631D57D-10B8-4C07-B493-861CF865B7E6}
	EndGlobalSection
EndGlobal
